# This file is autogenerated, do not edit; changes may be undone by the next 'dep ensure'.


[[projects]]
  branch = "master"
  digest = "1:6da51e5ec493ad2b44cb04129e2d0a068c8fb9bd6cb5739d199573558696bb94"
  name = "github.com/Azure/go-ansiterm"
  packages = [
    ".",
    "winterm",
  ]
  pruneopts = "UT"
  revision = "d6e3b3328b783f23731bc4d058875b0371ff8109"

[[projects]]
  digest = "1:f9ae348e1f793dcf9ed930ed47136a67343dbd6809c5c91391322267f4476892"
  name = "github.com/Microsoft/go-winio"
  packages = ["."]
  pruneopts = "UT"
  revision = "97e4973ce50b2ff5f09635a57e2b88a037aae829"
  version = "v0.4.11"

[[projects]]
  branch = "master"
  digest = "1:3721a10686511b80c052323423f0de17a8c06d417dbdd3b392b1578432a33aae"
  name = "github.com/Nvveen/Gotty"
  packages = ["."]
  pruneopts = "UT"
  revision = "cd527374f1e5bff4938207604a14f2e38a9cf512"

[[projects]]
  digest = "1:97939659c7332e66f3e658837e637396731deb1120c3b6ed65e6cb4792b398fc"
  name = "github.com/aws/aws-sdk-go"
  packages = [
    "aws",
    "aws/arn",
    "aws/awserr",
    "aws/awsutil",
    "aws/client",
    "aws/client/metadata",
    "aws/corehandlers",
    "aws/credentials",
    "aws/credentials/ec2rolecreds",
    "aws/credentials/endpointcreds",
    "aws/credentials/stscreds",
    "aws/csm",
    "aws/defaults",
    "aws/ec2metadata",
    "aws/endpoints",
    "aws/request",
    "aws/session",
    "aws/signer/v4",
    "internal/sdkio",
    "internal/sdkrand",
    "internal/sdkuri",
    "internal/shareddefaults",
    "private/model/api",
    "private/protocol",
    "private/protocol/json/jsonutil",
    "private/protocol/jsonrpc",
    "private/protocol/query",
    "private/protocol/query/queryutil",
    "private/protocol/rest",
    "private/protocol/xml/xmlutil",
    "private/util",
    "service/cloudwatch",
    "service/cloudwatchlogs",
    "service/iam",
    "service/secretsmanager",
    "service/secretsmanager/secretsmanageriface",
    "service/sts",
  ]
  pruneopts = "UT"
  revision = "cfcda8304585604aabf1f7f8f7ce67b55029d0ca"
  version = "v1.15.47"

[[projects]]
  digest = "1:50e893a85575fa48dc4982a279e50e2fd8b74e4f7c587860c1e25c77083b8125"
  name = "github.com/cihub/seelog"
  packages = ["."]
  pruneopts = "UT"
  revision = "d2c6e5aa9fbfdd1c624e140287063c7730654115"
  version = "v2.6"

[[projects]]
  digest = "1:d9209774a52def50b9f6e60d4422383cc10b6370ab5eed7be05c54e90fb12825"
  name = "github.com/containerd/cgroups"
  packages = ["."]
  pruneopts = "UT"
  revision = "c3fc2b77b568af2406f3931cf3d3f17d76736886"

[[projects]]
  branch = "master"
  digest = "1:4a029051269e04c040c092eb4ddd92732f8f3a3921a8b43b82b30804e00f3357"
  name = "github.com/containerd/continuity"
  packages = ["pathdriver"]
  pruneopts = "UT"
  revision = "bd77b46c8352f74eb12c85bdc01f4b90f69d66b4"

[[projects]]
  digest = "1:82da867f9729353d9b9c9af126e0b3260003150aab19c2564a8259d42fbc0b90"
  name = "github.com/containernetworking/cni"
  packages = [
    "libcni",
    "pkg/invoke",
    "pkg/types",
    "pkg/types/020",
    "pkg/types/current",
    "pkg/version",
  ]
  pruneopts = "UT"
  revision = "137b4975ecab6e1f0c24c1e3c228a50a3cfba75e"
  version = "v0.5.2"

[[projects]]
  digest = "1:c262724e34fd94dbdcc64516cbf638d5a6737edcd63ec4efebc284e92309afe7"
  name = "github.com/coreos/go-systemd"
  packages = ["dbus"]
  pruneopts = "UT"
  revision = "39ca1b05acc7ad1220e09f133283b8859a8b71ab"
  version = "v17"

[[projects]]
  digest = "1:ffe9824d294da03b391f44e1ae8281281b4afc1bdaa9588c9097785e3af10cec"
  name = "github.com/davecgh/go-spew"
  packages = ["spew"]
  pruneopts = "UT"
  revision = "8991bc29aa16c548c550c7ff78260e27b9ab7c73"
  version = "v1.1.1"

[[projects]]
  digest = "1:440d49b5c97e79f6440ea72018b4e810d012f894af2704621a380db845c7cc80"
  name = "github.com/deniswernert/udev"
  packages = ["."]
  pruneopts = "UT"
  revision = "82fe5be8ca5f7d8255cc838723687f61bb175120"

[[projects]]
  digest = "1:90668ed6a20982a029b433e60c9fb5cf5e81ce9c7551170881cf435f73daf3ee"
  name = "github.com/didip/tollbooth"
  packages = [
    ".",
    "errors",
    "libstring",
    "limiter",
  ]
  pruneopts = "UT"
  revision = "b65680a2d5f624ed528d36f8406f31535555828a"
  version = "v3.0.2"

[[projects]]
  branch = "master"
  digest = "1:2338f8619ab66b0fac6c1b78b25cb1f86be2a21e5514c81ec08cef31d58a6d6e"
  name = "github.com/docker/docker"
  packages = [
    "api/types",
    "api/types/blkiodev",
    "api/types/container",
    "api/types/filters",
    "api/types/mount",
    "api/types/network",
    "api/types/registry",
    "api/types/strslice",
    "api/types/swarm",
    "api/types/swarm/runtime",
    "api/types/versions",
    "errdefs",
    "opts",
    "pkg/fileutils",
    "pkg/homedir",
    "pkg/idtools",
    "pkg/ioutils",
    "pkg/longpath",
    "pkg/mount",
    "pkg/plugins",
    "pkg/plugins/transport",
    "pkg/pools",
    "pkg/stdcopy",
    "pkg/system",
  ]
  pruneopts = "UT"
  revision = "0121fa3c8c4ebd2ae50285e6b6e8a484d4342c89"

[[projects]]
  digest = "1:811c86996b1ca46729bad2724d4499014c4b9effd05ef8c71b852aad90deb0ce"
  name = "github.com/docker/go-connections"
  packages = [
    "nat",
    "sockets",
    "tlsconfig",
  ]
  pruneopts = "UT"
  revision = "7395e3f8aa162843a74ed6d48e79627d9792ac55"
  version = "v0.4.0"

[[projects]]
  digest = "1:6f82cacd0af5921e99bf3f46748705239b36489464f4529a1589bc895764fb18"
  name = "github.com/docker/go-units"
  packages = ["."]
  pruneopts = "UT"
  revision = "47565b4f722fb6ceae66b95f853feed578a4a51c"
  version = "v0.3.3"

[[projects]]
  digest = "1:4f57c53dc1244bd265be71bc4e75fc48132f1cf2927b19de52ed600b7d73cd8e"
  name = "github.com/docker/libnetwork"
  packages = ["ipamutils"]
  pruneopts = "UT"
  revision = "6d23f11e681f24ee31802939e243fe8be41a75eb"
  version = "v0.8.0-dev.2"

[[projects]]
  digest = "1:e4d1d8f3455dadab4e0f159acaff9075985ddaf6e807247923c088d964f1c845"
  name = "github.com/fsouza/go-dockerclient"
  packages = [
    ".",
    "internal/archive",
    "internal/jsonmessage",
    "internal/term",
  ]
  pruneopts = "UT"
  revision = "f3bdb27a96799b10006a884ef2fed89284466276"
  version = "v1.3.1"

[[projects]]
  digest = "1:b98e7574fc27ec166fb31195ec72c3bd0bffd73926d3612eb4c929bc5236f75b"
  name = "github.com/go-ini/ini"
  packages = ["."]
  pruneopts = "UT"
  revision = "7b294651033cd7d9e7f0d9ffa1b75ed1e198e737"
  version = "v1.38.3"

[[projects]]
  digest = "1:57fa4c058c21ce25d0b7272518dd746065117abf6cc706158b0d361202024520"
  name = "github.com/godbus/dbus"
  packages = ["."]
  pruneopts = "UT"
  revision = "a389bdde4dd695d414e47b755e95e72b7826432c"
  version = "v4.1.0"

[[projects]]
  digest = "1:bbadccf3d3317ea03c0dac0b45b673b4b397c8f91a1d2eff550a3c51c4ad770e"
  name = "github.com/gogo/protobuf"
  packages = ["proto"]
  pruneopts = "UT"
  revision = "636bf0302bc95575d69441b25a2603156ffdddf1"
  version = "v1.1.1"

[[projects]]
  digest = "1:b9dd62eb71d308d6c4b44af0bae869174975b40baab2ccd65724cefcdb561d55"
  name = "github.com/golang/mock"
  packages = ["gomock"]
  pruneopts = "UT"
  revision = "58cd061d09382b6011f84c1291ebe50ef2e25bab"

[[projects]]
  digest = "1:7b5c6e2eeaa9ae5907c391a91c132abfd5c9e8a784a341b5625e750c67e6825d"
  name = "github.com/gorilla/websocket"
  packages = ["."]
  pruneopts = "UT"
  revision = "66b9c49e59c6c48f0ffce28c2d8b8a5678502c6d"
  version = "v1.4.0"

[[projects]]
  digest = "1:e22af8c7518e1eab6f2eab2b7d7558927f816262586cd6ed9f349c97a6c285c4"
  name = "github.com/jmespath/go-jmespath"
  packages = ["."]
  pruneopts = "UT"
  revision = "0b12d6b5"

[[projects]]
  branch = "master"
  digest = "1:f44d34fda864bed6d6c71514cd40b2ee097e6e67f745d5d014113e1faa5af8b7"
  name = "github.com/konsorten/go-windows-terminal-sequences"
  packages = ["."]
  pruneopts = "UT"
  revision = "b729f2633dfe35f4d1d8a32385f6685610ce1cb5"

[[projects]]
  digest = "1:ee4d4af67d93cc7644157882329023ce9a7bcfce956a079069a9405521c7cc8d"
  name = "github.com/opencontainers/go-digest"
  packages = ["."]
  pruneopts = "UT"
  revision = "279bed98673dd5bef374d3b6e4b09e2af76183bf"
  version = "v1.0.0-rc1"

[[projects]]
  digest = "1:11db38d694c130c800d0aefb502fb02519e514dc53d9804ce51d1ad25ec27db6"
  name = "github.com/opencontainers/image-spec"
  packages = [
    "specs-go",
    "specs-go/v1",
  ]
  pruneopts = "UT"
  revision = "d60099175f88c47cd379c4738d158884749ed235"
  version = "v1.0.1"

[[projects]]
  digest = "1:38ee335aedf4626620f3cf8f605661e71abdcce7b40b38921962beb3980f0a20"
  name = "github.com/opencontainers/runc"
  packages = ["libcontainer/user"]
  pruneopts = "UT"
  revision = "baf6536d6259209c3edfa2b22237af82942d3dfa"
  version = "v0.1.1"

[[projects]]
  digest = "1:ad6438b92f22ce6e80fa202bc731deff9526ddf456c7d994071f060e1d49ced5"
  name = "github.com/opencontainers/runtime-spec"
  packages = ["specs-go"]
  pruneopts = "UT"
  revision = "d349388c43b01b2ea695965ae561b5bddb81318f"

[[projects]]
  digest = "1:808cdddf087fb64baeae67b8dfaee2069034d9704923a3cb8bd96a995421a625"
  name = "github.com/patrickmn/go-cache"
  packages = ["."]
  pruneopts = "UT"
  revision = "a3647f8e31d79543b2d0f0ae2fe5c379d72cedc0"
  version = "v2.1.0"

[[projects]]
  digest = "1:9072181164e616e422cbfbe48ca9ac249a4d76301ca0876c9f56b937cf214a2f"
  name = "github.com/pborman/uuid"
  packages = ["."]
  pruneopts = "UT"
  revision = "ca53cad383cad2479bbba7f7a1a05797ec1386e4"

[[projects]]
  digest = "1:0599213459e7ef9398ab20b26722ebeaeed4d9d85255005ddf0a5c47f8c02670"
  name = "github.com/pkg/errors"
  packages = ["."]
  pruneopts = "UT"
  revision = "c605e284fe17294bda444b34710735b29d1a9d90"

[[projects]]
  digest = "1:0028cb19b2e4c3112225cd871870f2d9cf49b9b4276531f03438a88e94be86fe"
  name = "github.com/pmezard/go-difflib"
  packages = ["difflib"]
  pruneopts = "UT"
  revision = "792786c7400a136282c1664665ae0a8db921c6c2"
  version = "v1.0.0"

[[projects]]
  digest = "1:dc2d85c13ac22c22a1f3170a41a8e1b897fa05134aaf533f16df44f66a25b4a1"
  name = "github.com/sirupsen/logrus"
  packages = ["."]
  pruneopts = "UT"
  revision = "a67f783a3814b8729bd2dac5780b5f78f8dbd64d"
  version = "v1.1.0"

[[projects]]
  digest = "1:d59e2fe55c864a67309ac449519821f231ad6ab5e0bf8fdf91694c631a97e5b4"
  name = "github.com/stretchr/testify"
  packages = [
    "assert",
    "require",
    "suite",
  ]
  pruneopts = "UT"
  revision = "d77da356e56a7428ad25149ca77381849a6a5232"

[[projects]]
  digest = "1:03fa51a73e38bed76bbd22fcb9a77711540a75a44dc69fe831c3f63988828601"
  name = "github.com/vishvananda/netlink"
  packages = [
    ".",
    "nl",
  ]
  pruneopts = "UT"
  revision = "fe3b5664d23a11b52ba59bece4ff29c52772a56b"

[[projects]]
  branch = "master"
  digest = "1:e4e30678fb2560b5c62f6308c5023d6c294fc7713216fa379411cc74465e866f"
  name = "github.com/vishvananda/netns"
  packages = ["."]
  pruneopts = "UT"
  revision = "13995c7128ccc8e51e9a6bd2b551020a27180abd"

[[projects]]
  branch = "master"
  digest = "1:3f3a05ae0b95893d90b9b3b5afdb79a9b3d96e4e36e099d841ae602e4aca0da8"
  name = "golang.org/x/crypto"
  packages = ["ssh/terminal"]
  pruneopts = "UT"
  revision = "e3636079e1a4c1f337f212cc5cd2aca108f6c900"

[[projects]]
  branch = "master"
  digest = "1:d4d54a4d52c89ddb2c54ddb18338cc99529a4b00d434835465cb208482a138be"
  name = "golang.org/x/net"
  packages = [
    "context",
    "html",
    "html/atom",
    "internal/socks",
    "proxy",
  ]
  pruneopts = "UT"
  revision = "4dfa2610cdf3b287375bbba5b8f2a14d3b01d8de"

[[projects]]
  branch = "master"
  digest = "1:980ce25780db6f7240a17d21b9bd85c64348db7e7b7a5379c4e5a42d3386c767"
  name = "golang.org/x/sys"
  packages = [
    "unix",
    "windows",
    "windows/registry",
    "windows/svc",
    "windows/svc/eventlog",
  ]
  pruneopts = "UT"
  revision = "e4b3c5e9061176387e7cea65e4dc5853801f3fb7"

[[projects]]
  branch = "master"
  digest = "1:c9e7a4b4d47c0ed205d257648b0e5b0440880cb728506e318f8ac7cd36270bc4"
  name = "golang.org/x/time"
  packages = ["rate"]
  pruneopts = "UT"
  revision = "fbb02b2291d28baffd63558aa44b4b56f178d650"

[[projects]]
  branch = "master"
  digest = "1:45751dc3302c90ea55913674261b2d74286b05cdd8e3ae9606e02e4e77f4353f"
  name = "golang.org/x/tools"
  packages = [
    "go/ast/astutil",
    "imports",
    "internal/fastwalk",
  ]
  pruneopts = "UT"
  revision = "bdd8ae38fda3acb3ee7970c967ff994ba7f335a2"

[solve-meta]
  analyzer-name = "dep"
  analyzer-version = 1
  input-imports = [
    "github.com/aws/aws-sdk-go/aws",
    "github.com/aws/aws-sdk-go/aws/arn",
    "github.com/aws/aws-sdk-go/aws/awserr",
    "github.com/aws/aws-sdk-go/aws/awsutil",
    "github.com/aws/aws-sdk-go/aws/client",
    "github.com/aws/aws-sdk-go/aws/client/metadata",
    "github.com/aws/aws-sdk-go/aws/credentials",
    "github.com/aws/aws-sdk-go/aws/defaults",
    "github.com/aws/aws-sdk-go/aws/ec2metadata",
    "github.com/aws/aws-sdk-go/aws/request",
    "github.com/aws/aws-sdk-go/aws/session",
    "github.com/aws/aws-sdk-go/aws/signer/v4",
    "github.com/aws/aws-sdk-go/private/model/api",
    "github.com/aws/aws-sdk-go/private/protocol/json/jsonutil",
    "github.com/aws/aws-sdk-go/private/protocol/jsonrpc",
    "github.com/aws/aws-sdk-go/private/util",
    "github.com/aws/aws-sdk-go/service/cloudwatch",
    "github.com/aws/aws-sdk-go/service/cloudwatchlogs",
    "github.com/aws/aws-sdk-go/service/iam",
    "github.com/aws/aws-sdk-go/service/secretsmanager",
    "github.com/aws/aws-sdk-go/service/secretsmanager/secretsmanageriface",
    "github.com/cihub/seelog",
    "github.com/containerd/cgroups",
    "github.com/containernetworking/cni/libcni",
    "github.com/containernetworking/cni/pkg/types",
    "github.com/containernetworking/cni/pkg/types/current",
    "github.com/deniswernert/udev",
    "github.com/didip/tollbooth",
    "github.com/docker/docker/pkg/plugins",
    "github.com/docker/docker/pkg/system",
    "github.com/fsouza/go-dockerclient",
    "github.com/golang/mock/gomock",
    "github.com/gorilla/websocket",
    "github.com/opencontainers/runtime-spec/specs-go",
    "github.com/pborman/uuid",
    "github.com/pkg/errors",
    "github.com/stretchr/testify/assert",
    "github.com/stretchr/testify/require",
    "github.com/stretchr/testify/suite",
    "github.com/vishvananda/netlink",
    "golang.org/x/sys/windows",
    "golang.org/x/sys/windows/registry",
    "golang.org/x/sys/windows/svc",
    "golang.org/x/sys/windows/svc/eventlog",
    "golang.org/x/tools/imports",
  ]
  solver-name = "gps-cdcl"
  solver-version = 1
